
Microsoft Visual Studio Solution File, Format Version 12.00
# Visual Studio 15
VisualStudioVersion = 15.0.27004.2006
MinimumVisualStudioVersion = 10.0.40219.1
Project("{FAE04EC0-301F-11D3-BF4B-00C04F79EFBC}") = "NUWM.Servers.Shell", "NUWM.Servers.Shell\NUWM.Servers.Shell.csproj", "{2DB86C53-491C-4CC8-9916-DFBB9F9C8026}"
EndProject
Global
	GlobalSection(SolutionConfigurationPlatforms) = preSolution
		Debug|Any CPU = Debug|Any CPU
		Release|Any CPU = Release|Any CPU
	EndGlobalSection
	GlobalSection(ProjectConfigurationPlatforms) = postSolution
		{2DB86C53-491C-4CC8-9916-DFBB9F9C8026}.Debug|Any CPU.ActiveCfg = Debug|Any CPU
		{2DB86C53-491C-4CC8-9916-DFBB9F9C8026}.Debug|Any CPU.Build.0 = Debug|Any CPU
		{2DB86C53-491C-4CC8-9916-DFBB9F9C8026}.Release|Any CPU.ActiveCfg = Release|Any CPU
		{2DB86C53-491C-4CC8-9916-DFBB9F9C8026}.Release|Any CPU.Build.0 = Release|Any CPU
	EndGlobalSection
	GlobalSection(SolutionProperties) = preSolution
		HideSolutionNode = FALSE
	EndGlobalSection
	GlobalSection(ExtensibilityGlobals) = postSolution
		SolutionGuid = {56A266B5-156B-4C83-9BBD-EE1097933B7B}
	EndGlobalSection
EndGlobal
