
Microsoft Visual Studio Solution File, Format Version 12.00
# Visual Studio 15
VisualStudioVersion = 15.0.27130.2027
MinimumVisualStudioVersion = 10.0.40219.1
Project("{FAE04EC0-301F-11D3-BF4B-00C04F79EFBC}") = "NUWM.Servers.Core.Uptime", "NUWM.Servers.Core.Uptime\NUWM.Servers.Core.Uptime.csproj", "{CDFC293D-738E-4114-8960-8C5D916ADBEC}"
EndProject
Global
	GlobalSection(SolutionConfigurationPlatforms) = preSolution
		Debug|Any CPU = Debug|Any CPU
		Release|Any CPU = Release|Any CPU
	EndGlobalSection
	GlobalSection(ProjectConfigurationPlatforms) = postSolution
		{CDFC293D-738E-4114-8960-8C5D916ADBEC}.Debug|Any CPU.ActiveCfg = Debug|Any CPU
		{CDFC293D-738E-4114-8960-8C5D916ADBEC}.Debug|Any CPU.Build.0 = Debug|Any CPU
		{CDFC293D-738E-4114-8960-8C5D916ADBEC}.Release|Any CPU.ActiveCfg = Release|Any CPU
		{CDFC293D-738E-4114-8960-8C5D916ADBEC}.Release|Any CPU.Build.0 = Release|Any CPU
	EndGlobalSection
	GlobalSection(SolutionProperties) = preSolution
		HideSolutionNode = FALSE
	EndGlobalSection
	GlobalSection(ExtensibilityGlobals) = postSolution
		SolutionGuid = {44955684-DE10-44FD-B7FF-FA7E0BED37B8}
	EndGlobalSection
EndGlobal
